PODS:
  - SLDevKit (1.0.8):
    - SLDevKit/SLAutoLayout (= 1.0.8)
    - SLDevKit/SLCustomField (= 1.0.8)
    - SLDevKit/SLDefs (= 1.0.8)
    - SLDevKit/SLFoundation (= 1.0.8)
    - SLDevKit/SLUIKit (= 1.0.8)
    - SLDevKit/SLUpdateAlert (= 1.0.8)
    - SLDevKit/SLUtils (= 1.0.8)
  - SLDevKit/SLAutoLayout (1.0.8):
    - SLDevKit/SLDefs
    - SLDevKit/SLFoundation
    - SLDevKit/SLUIKit
  - SLDevKit/SLCustomField (1.0.8):
    - SLDevKit/SLAutoLayout
    - SLDevKit/SLDefs
    - SLDevKit/SLFoundation
    - SLDevKit/SLUIKit
  - SLDevKit/SLDefs (1.0.8)
  - SLDevKit/SLFoundation (1.0.8):
    - SLDevKit/SLDefs
    - SLDevKit/SLUtils
  - SLDevKit/SLUIKit (1.0.8):
    - SLDevKit/SLDefs
    - SLDevKit/SLFoundation
    - SLDevKit/SLUtils
  - SLDevKit/SLUpdateAlert (1.0.8):
    - SLDevKit/SLAutoLayout
    - SLDevKit/SLDefs
    - SLDevKit/SLFoundation
    - SLDevKit/SLUIKit
  - SLDevKit/SLUtils (1.0.8):
    - SLDevKit/SLDefs

DEPENDENCIES:
  - SLDevKit (from `../`)

EXTERNAL SOURCES:
  SLDevKit:
    :path: "../"

SPEC CHECKSUMS:
  SLDevKit: 3a3e84f5ed620931837ef2185e49bd6019f3a2e5

PODFILE CHECKSUM: 2fb2e992bbf9ed02752c745e824861bfef629c44

COCOAPODS: 1.12.1
