PODS:
  - SLDevKit (0.0.4):
    - SLDevKit/SLUIKit (= 0.0.4)
  - SLDevKit/SLDefs (0.0.4)
  - SLDevKit/SLFoundation (0.0.4):
    - SLDevKit/SLDefs
    - SLDevKit/SLUtils
  - SLDevKit/SLUIKit (0.0.4):
    - SLDevKit/SLDefs
    - SLDevKit/SLFoundation
    - SLDevKit/SLUtils
  - SLDevKit/SLUtils (0.0.4):
    - SLDevKit/SLDefs

DEPENDENCIES:
  - SLDevKit (from `../`)

EXTERNAL SOURCES:
  SLDevKit:
    :path: "../"

SPEC CHECKSUMS:
  SLDevKit: b1da1d915484e1673d593894e4fdab5d37c4d7c4

PODFILE CHECKSUM: 2fab8fc10576fdb2dcdacf8f41d20a9a42ea225d

COCOAPODS: 1.11.3
